
Microsoft Visual Studio Solution File, Format Version 12.00
# Visual Studio Version 16
VisualStudioVersion = 16.0.31729.503
MinimumVisualStudioVersion = 10.0.40219.1
Project("{9A19103F-16F7-4668-BE54-9A1E7A4F7556}") = "Server-Api", "WebApi\Server-Api.csproj", "{25984781-F6E2-4487-86C8-337B3EE150AA}"
EndProject
Project("{9A19103F-16F7-4668-BE54-9A1E7A4F7556}") = "Entity", "Entity\Entity.csproj", "{6808D486-BD8A-400E-B4C3-D4EEFBAF0C37}"
EndProject
Project("{9A19103F-16F7-4668-BE54-9A1E7A4F7556}") = "Server-Data", "Server-Data\Server-Data.csproj", "{A9B11DB0-CD30-4FFF-A12F-3547CA14C917}"
EndProject
Project("{9A19103F-16F7-4668-BE54-9A1E7A4F7556}") = "Server-Model", "Server-Model\Server-Model.csproj", "{E8B152C6-5694-44C6-A0EB-22E7AC8BFA03}"
EndProject
Project("{9A19103F-16F7-4668-BE54-9A1E7A4F7556}") = "Server-ApiTesting", "ServerApiTesting\Server-ApiTesting.csproj", "{5C2C1106-8B0F-47C3-9A47-90BC6B2A856C}"
EndProject
Global
	GlobalSection(SolutionConfigurationPlatforms) = preSolution
		Debug|Any CPU = Debug|Any CPU
		Release|Any CPU = Release|Any CPU
	EndGlobalSection
	GlobalSection(ProjectConfigurationPlatforms) = postSolution
		{25984781-F6E2-4487-86C8-337B3EE150AA}.Debug|Any CPU.ActiveCfg = Debug|Any CPU
		{25984781-F6E2-4487-86C8-337B3EE150AA}.Debug|Any CPU.Build.0 = Debug|Any CPU
		{25984781-F6E2-4487-86C8-337B3EE150AA}.Release|Any CPU.ActiveCfg = Release|Any CPU
		{25984781-F6E2-4487-86C8-337B3EE150AA}.Release|Any CPU.Build.0 = Release|Any CPU
		{6808D486-BD8A-400E-B4C3-D4EEFBAF0C37}.Debug|Any CPU.ActiveCfg = Debug|Any CPU
		{6808D486-BD8A-400E-B4C3-D4EEFBAF0C37}.Debug|Any CPU.Build.0 = Debug|Any CPU
		{6808D486-BD8A-400E-B4C3-D4EEFBAF0C37}.Release|Any CPU.ActiveCfg = Release|Any CPU
		{6808D486-BD8A-400E-B4C3-D4EEFBAF0C37}.Release|Any CPU.Build.0 = Release|Any CPU
		{A9B11DB0-CD30-4FFF-A12F-3547CA14C917}.Debug|Any CPU.ActiveCfg = Debug|Any CPU
		{A9B11DB0-CD30-4FFF-A12F-3547CA14C917}.Debug|Any CPU.Build.0 = Debug|Any CPU
		{A9B11DB0-CD30-4FFF-A12F-3547CA14C917}.Release|Any CPU.ActiveCfg = Release|Any CPU
		{A9B11DB0-CD30-4FFF-A12F-3547CA14C917}.Release|Any CPU.Build.0 = Release|Any CPU
		{E8B152C6-5694-44C6-A0EB-22E7AC8BFA03}.Debug|Any CPU.ActiveCfg = Debug|Any CPU
		{E8B152C6-5694-44C6-A0EB-22E7AC8BFA03}.Debug|Any CPU.Build.0 = Debug|Any CPU
		{E8B152C6-5694-44C6-A0EB-22E7AC8BFA03}.Release|Any CPU.ActiveCfg = Release|Any CPU
		{E8B152C6-5694-44C6-A0EB-22E7AC8BFA03}.Release|Any CPU.Build.0 = Release|Any CPU
		{5C2C1106-8B0F-47C3-9A47-90BC6B2A856C}.Debug|Any CPU.ActiveCfg = Debug|Any CPU
		{5C2C1106-8B0F-47C3-9A47-90BC6B2A856C}.Debug|Any CPU.Build.0 = Debug|Any CPU
		{5C2C1106-8B0F-47C3-9A47-90BC6B2A856C}.Release|Any CPU.ActiveCfg = Release|Any CPU
		{5C2C1106-8B0F-47C3-9A47-90BC6B2A856C}.Release|Any CPU.Build.0 = Release|Any CPU
	EndGlobalSection
	GlobalSection(SolutionProperties) = preSolution
		HideSolutionNode = FALSE
	EndGlobalSection
	GlobalSection(ExtensibilityGlobals) = postSolution
		SolutionGuid = {C9EF52C7-EE40-4829-AECE-09D30AEBD58E}
	EndGlobalSection
EndGlobal
